# This file is automatically @generated by Poetry 2.1.4 and should not be changed by hand.

[[package]]
name = "aiokafka"
version = "0.12.0"
description = "Kafka integration with asyncio"
optional = false
python-versions = ">=3.9"
groups = ["main"]
files = [
    {file = "aiokafka-0.12.0-cp310-cp310-macosx_10_9_x86_64.whl", hash = "sha256:da8938eac2153ca767ac0144283b3df7e74bb4c0abc0c9a722f3ae63cfbf3a42"},
    {file = "aiokafka-0.12.0-cp310-cp310-macosx_11_0_arm64.whl", hash = "sha256:a5c827c8883cfe64bc49100de82862225714e1853432df69aba99f135969bb1b"},
    {file = "aiokafka-0.12.0-cp310-cp310-manylinux_2_17_aarch64.manylinux2014_aarch64.whl", hash = "sha256:bea5710f7707ed12a7f8661ab38dfa80f5253a405de5ba228f457cc30404eb51"},
    {file = "aiokafka-0.12.0-cp310-cp310-manylinux_2_17_x86_64.manylinux2014_x86_64.whl", hash = "sha256:d87b1a45c57bbb1c17d1900a74739eada27e4f4a0b0932ab3c5a8cbae8bbfe1e"},
    {file = "aiokafka-0.12.0-cp310-cp310-win32.whl", hash = "sha256:1158e630664d9abc74d8a7673bc70dc10737ff758e1457bebc1c05890f29ce2c"},
    {file = "aiokafka-0.12.0-cp310-cp310-win_amd64.whl", hash = "sha256:06f5889acf8e1a81d6e14adf035acb29afd1f5836447fa8fa23d3cbe8f7e8608"},
    {file = "aiokafka-0.12.0-cp311-cp311-macosx_10_9_x86_64.whl", hash = "sha256:ddc5308c43d48af883667e2f950a0a9739ce2c9bfe69a0b55dc234f58b1b42d6"},
    {file = "aiokafka-0.12.0-cp311-cp311-macosx_11_0_arm64.whl", hash = "sha256:ff63689cafcd6dd642a15de75b7ae121071d6162cccba16d091bcb28b3886307"},
    {file = "aiokafka-0.12.0-cp311-cp311-manylinux_2_17_aarch64.manylinux2014_aarch64.whl", hash = "sha256:24633931e05a9dc80555a2f845572b6845d2dcb1af12de27837b8602b1b8bc74"},
    {file = "aiokafka-0.12.0-cp311-cp311-manylinux_2_17_x86_64.manylinux2014_x86_64.whl", hash = "sha256:42b2436c7c69384d210e9169fbfe339d9f49dbdcfddd8d51c79b9877de545e33"},
    {file = "aiokafka-0.12.0-cp311-cp311-win32.whl", hash = "sha256:90511a2c4cf5f343fc2190575041fbc70171654ab0dae64b3bbabd012613bfa7"},
    {file = "aiokafka-0.12.0-cp311-cp311-win_amd64.whl", hash = "sha256:04c8ad27d04d6c53a1859687015a5f4e58b1eb221e8a7342d6c6b04430def53e"},
    {file = "aiokafka-0.12.0-cp312-cp312-macosx_10_13_x86_64.whl", hash = "sha256:b01947553ff1120fa1cb1a05f2c3e5aa47a5378c720bafd09e6630ba18af02aa"},
    {file = "aiokafka-0.12.0-cp312-cp312-macosx_11_0_arm64.whl", hash = "sha256:e3c8ec1c0606fa645462c7353dc3e4119cade20c4656efa2031682ffaad361c0"},
    {file = "aiokafka-0.12.0-cp312-cp312-manylinux_2_17_aarch64.manylinux2014_aarch64.whl", hash = "sha256:577c1c48b240e9eba57b3d2d806fb3d023a575334fc3953f063179170cc8964f"},
    {file = "aiokafka-0.12.0-cp312-cp312-manylinux_2_17_x86_64.manylinux2014_x86_64.whl", hash = "sha256:d7b815b2e5fed9912f1231be6196547a367b9eb3380b487ff5942f0c73a3fb5c"},
    {file = "aiokafka-0.12.0-cp312-cp312-win32.whl", hash = "sha256:5a907abcdf02430df0829ac80f25b8bb849630300fa01365c76e0ae49306f512"},
    {file = "aiokafka-0.12.0-cp312-cp312-win_amd64.whl", hash = "sha256:fdbd69ec70eea4a8dfaa5c35ff4852e90e1277fcc426b9380f0b499b77f13b16"},
    {file = "aiokafka-0.12.0-cp313-cp313-macosx_10_13_x86_64.whl", hash = "sha256:f9e8ab97b935ca681a5f28cf22cf2b5112be86728876b3ec07e4ed5fc6c21f2d"},
    {file = "aiokafka-0.12.0-cp313-cp313-macosx_11_0_arm64.whl", hash = "sha256:ed991c120fe19fd9439f564201dd746c4839700ef270dd4c3ee6d4895f64fe83"},
    {file = "aiokafka-0.12.0-cp313-cp313-manylinux_2_17_aarch64.manylinux2014_aarch64.whl", hash = "sha256:2c01abf9787b1c3f3af779ad8e76d5b74903f590593bc26f33ed48750503e7f7"},
    {file = "aiokafka-0.12.0-cp313-cp313-manylinux_2_17_x86_64.manylinux2014_x86_64.whl", hash = "sha256:08c84b3894d97fd02fcc8886f394000d0f5ce771fab5c498ea2b0dd2f6b46d5b"},
    {file = "aiokafka-0.12.0-cp313-cp313-win32.whl", hash = "sha256:63875fed922c8c7cf470d9b2a82e1b76b4a1baf2ae62e07486cf516fd09ff8f2"},
    {file = "aiokafka-0.12.0-cp313-cp313-win_amd64.whl", hash = "sha256:bdc0a83eb386d2384325d6571f8ef65b4cfa205f8d1c16d7863e8d10cacd995a"},
    {file = "aiokafka-0.12.0-cp39-cp39-macosx_10_9_x86_64.whl", hash = "sha256:a9590554fae68ec80099beae5366f2494130535a1a3db0c4fa5ccb08f37f6e46"},
    {file = "aiokafka-0.12.0-cp39-cp39-macosx_11_0_arm64.whl", hash = "sha256:6c77f5953ff4b25c889aef26df1f28df66c58db7abb7f34ecbe48502e9a6d273"},
    {file = "aiokafka-0.12.0-cp39-cp39-manylinux_2_17_aarch64.manylinux2014_aarch64.whl", hash = "sha256:f96d7fd8fdb5f439f7e7860fd8ec37870265d0578475e82049bce60ab07ca045"},
    {file = "aiokafka-0.12.0-cp39-cp39-manylinux_2_17_x86_64.manylinux2014_x86_64.whl", hash = "sha256:b8ddff02b1e981083dff6d1a80d4502e0e83e0e480faf1f881766ca6f23e8d22"},
    {file = "aiokafka-0.12.0-cp39-cp39-win32.whl", hash = "sha256:4aab2767dcc8923626d8d60c314f9ba633563249cff71750db5d70b6ec813da2"},
    {file = "aiokafka-0.12.0-cp39-cp39-win_amd64.whl", hash = "sha256:7a57fda053acd1b88c87803ad0381a1d2a29d36ec561550d11ce9154972b8e23"},
    {file = "aiokafka-0.12.0.tar.gz", hash = "sha256:62423895b866f95b5ed8d88335295a37cc5403af64cb7cb0e234f88adc2dff94"},
]

[package.dependencies]
async-timeout = "*"
packaging = "*"
typing-extensions = ">=4.10.0"

[package.extras]
all = ["cramjam (>=2.8.0)", "gssapi"]
gssapi = ["gssapi"]
lz4 = ["cramjam (>=2.8.0)"]
snappy = ["cramjam"]
zstd = ["cramjam"]

[[package]]
name = "async-timeout"
version = "5.0.1"
description = "Timeout context manager for asyncio programs"
optional = false
python-versions = ">=3.8"
groups = ["main"]
files = [
    {file = "async_timeout-5.0.1-py3-none-any.whl", hash = "sha256:39e3809566ff85354557ec2398b55e096c8364bacac9405a7a1fa429e77fe76c"},
    {file = "async_timeout-5.0.1.tar.gz", hash = "sha256:d9321a7a3d5a6a5e187e824d2fa0793ce379a202935782d555d6e9d2735677d3"},
]

[[package]]
name = "packaging"
version = "25.0"
description = "Core utilities for Python packages"
optional = false
python-versions = ">=3.8"
groups = ["main"]
files = [
    {file = "packaging-25.0-py3-none-any.whl", hash = "sha256:29572ef2b1f17581046b3a2227d5c611fb25ec70ca1ba8554b24b0e69331a484"},
    {file = "packaging-25.0.tar.gz", hash = "sha256:d443872c98d677bf60f6a1f2f8c1cb748e8fe762d2bf9d3148b5599295b0fc4f"},
]

[[package]]
name = "python-dotenv"
version = "1.1.1"
description = "Read key-value pairs from a .env file and set them as environment variables"
optional = false
python-versions = ">=3.9"
groups = ["main"]
files = [
    {file = "python_dotenv-1.1.1-py3-none-any.whl", hash = "sha256:31f23644fe2602f88ff55e1f5c79ba497e01224ee7737937930c448e4d0e24dc"},
    {file = "python_dotenv-1.1.1.tar.gz", hash = "sha256:a8a6399716257f45be6a007360200409fce5cda2661e3dec71d23dc15f6189ab"},
]

[package.extras]
cli = ["click (>=5.0)"]

[[package]]
name = "typing-extensions"
version = "4.15.0"
description = "Backported and Experimental Type Hints for Python 3.9+"
optional = false
python-versions = ">=3.9"
groups = ["main"]
files = [
    {file = "typing_extensions-4.15.0-py3-none-any.whl", hash = "sha256:f0fa19c6845758ab08074a0cfa8b7aecb71c999ca73d62883bc25cc018c4e548"},
    {file = "typing_extensions-4.15.0.tar.gz", hash = "sha256:0cea48d173cc12fa28ecabc3b837ea3cf6f38c6d1136f85cbaaf598984861466"},
]

[metadata]
lock-version = "2.1"
python-versions = ">=3.10"
content-hash = "5fc3b37f64defed32b2e8b3bf684058e9e4b6eb4c577d86506c72f5673e40751"
